<?xml version="1.0" encoding="utf-8"?>
<Project ToolsVersion="4.0" xmlns="http://schemas.microsoft.com/developer/msbuild/2003">
  <ItemGroup>
    <Filter Include="source">
      <UniqueIdentifier>{3ac6fadb-526b-4353-a2f9-172b458a24a9}</UniqueIdentifier>
    </Filter>
    <Filter Include="header">
      <UniqueIdentifier>{ba54a66d-7351-4c0c-ad52-61214f856617}</UniqueIdentifier>
    </Filter>
    <Filter Include="assets">
      <UniqueIdentifier>{a20c3216-3efa-4f36-a30a-ddc028af969a}</UniqueIdentifier>
    </Filter>
    <Filter Include="assets\Icons">
      <UniqueIdentifier>{317b88ed-2cfb-465e-b2d5-67c9ea2784c3}</UniqueIdentifier>
    </Filter>
  </ItemGroup>
  <ItemGroup>
    <ClCompile Include="source\Graph.cpp">
      <Filter>source</Filter>
    </ClCompile>
    <ClCompile Include="source\HashTable.cpp">
      <Filter>source</Filter>
    </ClCompile>
    <ClCompile Include="source\Main.cpp">
      <Filter>source</Filter>
    </ClCompile>
    <ClCompile Include="source\UI.cpp">
      <Filter>source</Filter>
    </ClCompile>
    <ClCompile Include="Treap.cpp">
      <Filter>source</Filter>
    </ClCompile>
  </ItemGroup>
  <ItemGroup>
    <ClInclude Include="header\Graph.h">
      <Filter>header</Filter>
    </ClInclude>
    <ClInclude Include="header\HashTable.h">
      <Filter>header</Filter>
    </ClInclude>
    <ClInclude Include="header\SinglyLinkedList.h">
      <Filter>header</Filter>
    </ClInclude>
    <ClInclude Include="header\SinglyLinkedListUI.h">
      <Filter>header</Filter>
    </ClInclude>
    <ClInclude Include="header\UI.h">
      <Filter>header</Filter>
    </ClInclude>
    <ClInclude Include="header\LinkedListNode.h">
      <Filter>header</Filter>
    </ClInclude>
    <ClInclude Include="header\Node.h">
      <Filter>header</Filter>
    </ClInclude>
    <ClInclude Include="header\Treap.h">
      <Filter>header</Filter>
    </ClInclude>
  </ItemGroup>
  <ItemGroup>
    <Image Include="assets\Icons\rightarrow.png">
      <Filter>assets\Icons</Filter>
    </Image>
  </ItemGroup>
</Project>