<?xml version="1.0" encoding="utf-8"?>
<Project ToolsVersion="4.0" xmlns="http://schemas.microsoft.com/developer/msbuild/2003">
  <ItemGroup>
    <ClCompile Include="source\Graph.cpp">
      <Filter>source</Filter>
    </ClCompile>
    <ClCompile Include="source\HashTable.cpp">
      <Filter>source</Filter>
    </ClCompile>
    <ClCompile Include="source\Main.cpp">
      <Filter>source</Filter>
    </ClCompile>
    <ClCompile Include="source\SinglyLinkedList.cpp">
      <Filter>source</Filter>
    </ClCompile>
    <ClCompile Include="source\SinglyLinkedListUI.cpp">
      <Filter>source</Filter>
    </ClCompile>
    <ClCompile Include="source\Treap.cpp">
      <Filter>source</Filter>
    </ClCompile>
    <ClCompile Include="source\UI.cpp">
      <Filter>source</Filter>
    </ClCompile>
    <ClCompile Include="source\Animation.cpp">
      <Filter>source</Filter>
    </ClCompile>
  </ItemGroup>
  <ItemGroup>
    <ClInclude Include="header\HashTable.h">
      <Filter>header</Filter>
    </ClInclude>
    <ClInclude Include="header\Graph.h">
      <Filter>header</Filter>
    </ClInclude>
    <ClInclude Include="header\LinkedListNode.h">
      <Filter>header</Filter>
    </ClInclude>
    <ClInclude Include="header\Node.h">
      <Filter>header</Filter>
    </ClInclude>
    <ClInclude Include="header\SinglyLinkedList.h">
      <Filter>header</Filter>
    </ClInclude>
    <ClInclude Include="header\SinglyLinkedListUI.h">
      <Filter>header</Filter>
    </ClInclude>
    <ClInclude Include="header\Treap.h">
      <Filter>header</Filter>
    </ClInclude>
    <ClInclude Include="header\UI.h">
      <Filter>header</Filter>
    </ClInclude>
    <ClInclude Include="header\Animation.h">
      <Filter>header</Filter>
    </ClInclude>
  </ItemGroup>
  <ItemGroup>
    <Filter Include="source">
      <UniqueIdentifier>{9badb8b3-70f6-4200-9a28-c832af767f9c}</UniqueIdentifier>
    </Filter>
    <Filter Include="header">
      <UniqueIdentifier>{31ac3d2d-8e71-4d09-8636-87cc33e51c60}</UniqueIdentifier>
    </Filter>
    <Filter Include="assets">
      <UniqueIdentifier>{975de8dd-88ff-4861-8228-e88055011f9a}</UniqueIdentifier>
    </Filter>
    <Filter Include="assets\Icons">
      <UniqueIdentifier>{ee8fd742-edeb-4dfe-9b0c-7eea054812bc}</UniqueIdentifier>
    </Filter>
    <Filter Include="assets\Backgrounds">
      <UniqueIdentifier>{63032186-60bd-43a6-8bf4-13380fce5d56}</UniqueIdentifier>
    </Filter>
  </ItemGroup>
  <ItemGroup>
    <Image Include="assets\Icons\rightarrow.png">
      <Filter>assets\Icons</Filter>
    </Image>
    <Image Include="assets\Icons\Sprite.png">
      <Filter>assets\Icons</Filter>
    </Image>
    <Image Include="assets\Backgrounds\chillBG.jpg">
      <Filter>assets\Backgrounds</Filter>
    </Image>
    <Image Include="assets\Backgrounds\cubeBG.jpg">
      <Filter>assets\Backgrounds</Filter>
    </Image>
  </ItemGroup>
</Project>